
Microsoft Visual Studio Solution File, Format Version 12.00
# Visual Studio 15
VisualStudioVersion = 15.0.26430.16
MinimumVisualStudioVersion = 10.0.40219.1
Project("{FAE04EC0-301F-11D3-BF4B-00C04F79EFBC}") = "cezousos", "cezousos\cezousos.csproj", "{92F4D42B-E243-4D6D-8DA4-B2EEF227E999}"
EndProject
Project("{FAE04EC0-301F-11D3-BF4B-00C04F79EFBC}") = "DBModels", "DBModels\DBModels.csproj", "{5130BBD8-BDDB-43C9-9ACB-9E5DBFAEF181}"
EndProject
Project("{FAE04EC0-301F-11D3-BF4B-00C04F79EFBC}") = "WebAPI", "WebAPI\WebAPI.csproj", "{FFFA39F7-1EE2-4738-9C7F-512A4DE7885C}"
EndProject
Global
	GlobalSection(SolutionConfigurationPlatforms) = preSolution
		Debug|Any CPU = Debug|Any CPU
		Release|Any CPU = Release|Any CPU
	EndGlobalSection
	GlobalSection(ProjectConfigurationPlatforms) = postSolution
		{92F4D42B-E243-4D6D-8DA4-B2EEF227E999}.Debug|Any CPU.ActiveCfg = Debug|Any CPU
		{92F4D42B-E243-4D6D-8DA4-B2EEF227E999}.Debug|Any CPU.Build.0 = Debug|Any CPU
		{92F4D42B-E243-4D6D-8DA4-B2EEF227E999}.Release|Any CPU.ActiveCfg = Release|Any CPU
		{92F4D42B-E243-4D6D-8DA4-B2EEF227E999}.Release|Any CPU.Build.0 = Release|Any CPU
		{5130BBD8-BDDB-43C9-9ACB-9E5DBFAEF181}.Debug|Any CPU.ActiveCfg = Debug|Any CPU
		{5130BBD8-BDDB-43C9-9ACB-9E5DBFAEF181}.Debug|Any CPU.Build.0 = Debug|Any CPU
		{5130BBD8-BDDB-43C9-9ACB-9E5DBFAEF181}.Release|Any CPU.ActiveCfg = Release|Any CPU
		{5130BBD8-BDDB-43C9-9ACB-9E5DBFAEF181}.Release|Any CPU.Build.0 = Release|Any CPU
		{FFFA39F7-1EE2-4738-9C7F-512A4DE7885C}.Debug|Any CPU.ActiveCfg = Debug|Any CPU
		{FFFA39F7-1EE2-4738-9C7F-512A4DE7885C}.Debug|Any CPU.Build.0 = Debug|Any CPU
		{FFFA39F7-1EE2-4738-9C7F-512A4DE7885C}.Release|Any CPU.ActiveCfg = Release|Any CPU
		{FFFA39F7-1EE2-4738-9C7F-512A4DE7885C}.Release|Any CPU.Build.0 = Release|Any CPU
	EndGlobalSection
	GlobalSection(SolutionProperties) = preSolution
		HideSolutionNode = FALSE
	EndGlobalSection
EndGlobal
